
Microsoft Visual Studio Solution File, Format Version 12.00
# Visual Studio Version 17
VisualStudioVersion = 17.4.33205.214
MinimumVisualStudioVersion = 10.0.40219.1
Project("{FAE04EC0-301F-11D3-BF4B-00C04F79EFBC}") = "EasyReservator", "EasyReservator\EasyReservator.csproj", "{F1D32C2D-347F-4541-8DFE-1F18264B4E8E}"
EndProject
Global
	GlobalSection(SolutionConfigurationPlatforms) = preSolution
		Debug|Any CPU = Debug|Any CPU
		Release|Any CPU = Release|Any CPU
	EndGlobalSection
	GlobalSection(ProjectConfigurationPlatforms) = postSolution
		{F1D32C2D-347F-4541-8DFE-1F18264B4E8E}.Debug|Any CPU.ActiveCfg = Debug|Any CPU
		{F1D32C2D-347F-4541-8DFE-1F18264B4E8E}.Debug|Any CPU.Build.0 = Debug|Any CPU
		{F1D32C2D-347F-4541-8DFE-1F18264B4E8E}.Release|Any CPU.ActiveCfg = Release|Any CPU
		{F1D32C2D-347F-4541-8DFE-1F18264B4E8E}.Release|Any CPU.Build.0 = Release|Any CPU
	EndGlobalSection
	GlobalSection(SolutionProperties) = preSolution
		HideSolutionNode = FALSE
	EndGlobalSection
	GlobalSection(ExtensibilityGlobals) = postSolution
		SolutionGuid = {258DE1B4-0DE2-4D95-9525-9630886CAEA8}
	EndGlobalSection
EndGlobal
